
Microsoft Visual Studio Solution File, Format Version 12.00
# Visual Studio 15
VisualStudioVersion = 15.0.27004.2002
MinimumVisualStudioVersion = 10.0.40219.1
Project("{FAE04EC0-301F-11D3-BF4B-00C04F79EFBC}") = "Tiver.Cuckoo", "Tiver.Cuckoo\Tiver.Cuckoo.csproj", "{A1C46E1B-237C-4CE7-A3D5-479CCC631888}"
EndProject
Project("{2150E333-8FDC-42A3-9474-1A3956D46DE8}") = "package", "package", "{C6084F9B-9004-4BED-AAE6-737AC36F8BF1}"
	ProjectSection(SolutionItems) = preProject
		package\Package.nuspec = package\Package.nuspec
	EndProjectSection
EndProject
Project("{2150E333-8FDC-42A3-9474-1A3956D46DE8}") = "Solution Items", "Solution Items", "{A3CEF181-CFE4-4B26-864F-1C9F2F3A2869}"
	ProjectSection(SolutionItems) = preProject
		build.cake = build.cake
	EndProjectSection
EndProject
Global
	GlobalSection(SolutionConfigurationPlatforms) = preSolution
		Debug|Any CPU = Debug|Any CPU
		Release|Any CPU = Release|Any CPU
	EndGlobalSection
	GlobalSection(ProjectConfigurationPlatforms) = postSolution
		{A1C46E1B-237C-4CE7-A3D5-479CCC631888}.Debug|Any CPU.ActiveCfg = Debug|Any CPU
		{A1C46E1B-237C-4CE7-A3D5-479CCC631888}.Debug|Any CPU.Build.0 = Debug|Any CPU
		{A1C46E1B-237C-4CE7-A3D5-479CCC631888}.Release|Any CPU.ActiveCfg = Release|Any CPU
		{A1C46E1B-237C-4CE7-A3D5-479CCC631888}.Release|Any CPU.Build.0 = Release|Any CPU
	EndGlobalSection
	GlobalSection(SolutionProperties) = preSolution
		HideSolutionNode = FALSE
	EndGlobalSection
	GlobalSection(ExtensibilityGlobals) = postSolution
		SolutionGuid = {F1B8FE26-0D40-4BFB-99A8-4D66103D98FE}
	EndGlobalSection
EndGlobal
